{
  "name": "config-storage-cli",
  "version": "0.0.1",
  "lockfileVersion": 2,
  "requires": true,
  "packages": {
    "": {
      "name": "config-storage-cli",
      "version": "0.0.1",
      "license": "MIT",
      "dependencies": {
        "@types/node": "^20.2.4",
        "commander": "^10.0.1",
        "config-storage": "^2.1.2",
        "typescript": "^5.0.4"
      },
      "bin": {
        "config-storage": "dist/cli.js",
        "csc": "dist/cli.js"
      }
    },
    "node_modules/@types/node": {
      "version": "20.2.4",
      "resolved": "https://registry.npmjs.org/@types/node/-/node-20.2.4.tgz",
      "integrity": "sha512-ni5f8Xlf4PwnT/Z3f0HURc3ZSw8UyrqMqmM3L5ysa7VjHu8c3FOmIo1nKCcLrV/OAmtf3N4kFna/aJqxsfEtnA=="
    },
    "node_modules/commander": {
      "version": "10.0.1",
      "resolved": "https://registry.npmjs.org/commander/-/commander-10.0.1.tgz",
      "integrity": "sha512-y4Mg2tXshplEbSGzx7amzPwKKOCGuoSRP/CjEdwwk0FOGlUbq6lKuoyDZTNZkmxHdJtp54hdfY/JUrdL7Xfdug==",
      "engines": {
        "node": ">=14"
      }
    },
    "node_modules/config-storage": {
      "version": "2.1.2",
      "resolved": "https://registry.npmjs.org/config-storage/-/config-storage-2.1.2.tgz",
      "integrity": "sha512-3+licTtjDK8sGKT+CD7Svlj/VyecL8bnfBsbrRYKIYd7PkbY0zbyfByLaBnuB86Wsr3MSQ6+qbT2SIu4xe/4/Q=="
    },
    "node_modules/typescript": {
      "version": "5.0.4",
      "resolved": "https://registry.npmjs.org/typescript/-/typescript-5.0.4.tgz",
      "integrity": "sha512-cW9T5W9xY37cc+jfEnaUvX91foxtHkza3Nw3wkoF4sSlKn0MONdkdEndig/qPBWXNkmplh3NzayQzCiHM4/hqw==",
      "bin": {
        "tsc": "bin/tsc",
        "tsserver": "bin/tsserver"
      },
      "engines": {
        "node": ">=12.20"
      }
    }
  },
  "dependencies": {
    "@types/node": {
      "version": "20.2.4",
      "resolved": "https://registry.npmjs.org/@types/node/-/node-20.2.4.tgz",
      "integrity": "sha512-ni5f8Xlf4PwnT/Z3f0HURc3ZSw8UyrqMqmM3L5ysa7VjHu8c3FOmIo1nKCcLrV/OAmtf3N4kFna/aJqxsfEtnA=="
    },
    "commander": {
      "version": "10.0.1",
      "resolved": "https://registry.npmjs.org/commander/-/commander-10.0.1.tgz",
      "integrity": "sha512-y4Mg2tXshplEbSGzx7amzPwKKOCGuoSRP/CjEdwwk0FOGlUbq6lKuoyDZTNZkmxHdJtp54hdfY/JUrdL7Xfdug=="
    },
    "config-storage": {
      "version": "2.1.2",
      "resolved": "https://registry.npmjs.org/config-storage/-/config-storage-2.1.2.tgz",
      "integrity": "sha512-3+licTtjDK8sGKT+CD7Svlj/VyecL8bnfBsbrRYKIYd7PkbY0zbyfByLaBnuB86Wsr3MSQ6+qbT2SIu4xe/4/Q=="
    },
    "typescript": {
      "version": "5.0.4",
      "resolved": "https://registry.npmjs.org/typescript/-/typescript-5.0.4.tgz",
      "integrity": "sha512-cW9T5W9xY37cc+jfEnaUvX91foxtHkza3Nw3wkoF4sSlKn0MONdkdEndig/qPBWXNkmplh3NzayQzCiHM4/hqw=="
    }
  }
}
